
Microsoft Visual Studio Solution File, Format Version 12.00
# Visual Studio Version 16
VisualStudioVersion = 16.0.31410.357
MinimumVisualStudioVersion = 10.0.40219.1
Project("{FAE04EC0-301F-11D3-BF4B-00C04F79EFBC}") = "Nhom12_HCG", "Nhom12\Nhom12_HCG.csproj", "{FE4E48D1-3132-4E28-AD64-BE03B17E1278}"
EndProject
Global
	GlobalSection(SolutionConfigurationPlatforms) = preSolution
		Debug|Any CPU = Debug|Any CPU
		Release|Any CPU = Release|Any CPU
	EndGlobalSection
	GlobalSection(ProjectConfigurationPlatforms) = postSolution
		{FE4E48D1-3132-4E28-AD64-BE03B17E1278}.Debug|Any CPU.ActiveCfg = Debug|Any CPU
		{FE4E48D1-3132-4E28-AD64-BE03B17E1278}.Debug|Any CPU.Build.0 = Debug|Any CPU
		{FE4E48D1-3132-4E28-AD64-BE03B17E1278}.Release|Any CPU.ActiveCfg = Release|Any CPU
		{FE4E48D1-3132-4E28-AD64-BE03B17E1278}.Release|Any CPU.Build.0 = Release|Any CPU
	EndGlobalSection
	GlobalSection(SolutionProperties) = preSolution
		HideSolutionNode = FALSE
	EndGlobalSection
	GlobalSection(ExtensibilityGlobals) = postSolution
		SolutionGuid = {8C6A96FD-6FC3-4F35-8462-D6E9E99005CA}
	EndGlobalSection
EndGlobal
